// !$*UTF8*$!
{
	archiveVersion = 1;
	classes = {
	};
	objectVersion = 50;
	objects = {

/* Begin PBXBuildFile section */
		E22E695325D4B97900CF53B6 /* AppDelegate.swift in Sources */ = {isa = PBXBuildFile; fileRef = E22E695225D4B97900CF53B6 /* AppDelegate.swift */; };
		E22E695525D4B97900CF53B6 /* SceneDelegate.swift in Sources */ = {isa = PBXBuildFile; fileRef = E22E695425D4B97900CF53B6 /* SceneDelegate.swift */; };
		E22E695C25D4B97A00CF53B6 /* Assets.xcassets in Resources */ = {isa = PBXBuildFile; fileRef = E22E695B25D4B97A00CF53B6 /* Assets.xcassets */; };
		E22E695F25D4B97A00CF53B6 /* LaunchScreen.storyboard in Resources */ = {isa = PBXBuildFile; fileRef = E22E695D25D4B97A00CF53B6 /* LaunchScreen.storyboard */; };
		E22E696A25D589B200CF53B6 /* SearchResultItem.swift in Sources */ = {isa = PBXBuildFile; fileRef = E22E696925D589B200CF53B6 /* SearchResultItem.swift */; };
		E22E696E25D58C0D00CF53B6 /* SearchResult.swift in Sources */ = {isa = PBXBuildFile; fileRef = E22E696D25D58C0D00CF53B6 /* SearchResult.swift */; };
		E2AD261225D6F0790026738A /* PlaylistService.swift in Sources */ = {isa = PBXBuildFile; fileRef = E2AD261025D6F0790026738A /* PlaylistService.swift */; };
		E2AD261325D6F0790026738A /* SearchService.swift in Sources */ = {isa = PBXBuildFile; fileRef = E2AD261125D6F0790026738A /* SearchService.swift */; };
		E2AD262825D6FAC60026738A /* SearchViewController.swift in Sources */ = {isa = PBXBuildFile; fileRef = E2AD262525D6FAC60026738A /* SearchViewController.swift */; };
		E2AD262925D6FAC60026738A /* TabBarController.swift in Sources */ = {isa = PBXBuildFile; fileRef = E2AD262625D6FAC60026738A /* TabBarController.swift */; };
		E2AD262A25D6FAC60026738A /* PlaylistViewController.swift in Sources */ = {isa = PBXBuildFile; fileRef = E2AD262725D6FAC60026738A /* PlaylistViewController.swift */; };
/* End PBXBuildFile section */

/* Begin PBXFileReference section */
		E22E694F25D4B97900CF53B6 /* Watch Later.app */ = {isa = PBXFileReference; explicitFileType = wrapper.application; includeInIndex = 0; path = "Watch Later.app"; sourceTree = BUILT_PRODUCTS_DIR; };
		E22E695225D4B97900CF53B6 /* AppDelegate.swift */ = {isa = PBXFileReference; lastKnownFileType = sourcecode.swift; path = AppDelegate.swift; sourceTree = "<group>"; };
		E22E695425D4B97900CF53B6 /* SceneDelegate.swift */ = {isa = PBXFileReference; lastKnownFileType = sourcecode.swift; path = SceneDelegate.swift; sourceTree = "<group>"; };
		E22E695B25D4B97A00CF53B6 /* Assets.xcassets */ = {isa = PBXFileReference; lastKnownFileType = folder.assetcatalog; path = Assets.xcassets; sourceTree = "<group>"; };
		E22E695E25D4B97A00CF53B6 /* Base */ = {isa = PBXFileReference; lastKnownFileType = file.storyboard; name = Base; path = Base.lproj/LaunchScreen.storyboard; sourceTree = "<group>"; };
		E22E696025D4B97A00CF53B6 /* Info.plist */ = {isa = PBXFileReference; lastKnownFileType = text.plist.xml; path = Info.plist; sourceTree = "<group>"; };
		E22E696925D589B200CF53B6 /* SearchResultItem.swift */ = {isa = PBXFileReference; lastKnownFileType = sourcecode.swift; path = SearchResultItem.swift; sourceTree = "<group>"; };
		E22E696D25D58C0D00CF53B6 /* SearchResult.swift */ = {isa = PBXFileReference; fileEncoding = 4; lastKnownFileType = sourcecode.swift; path = SearchResult.swift; sourceTree = "<group>"; };
		E2AD261025D6F0790026738A /* PlaylistService.swift */ = {isa = PBXFileReference; fileEncoding = 4; lastKnownFileType = sourcecode.swift; path = PlaylistService.swift; sourceTree = "<group>"; };
		E2AD261125D6F0790026738A /* SearchService.swift */ = {isa = PBXFileReference; fileEncoding = 4; lastKnownFileType = sourcecode.swift; path = SearchService.swift; sourceTree = "<group>"; };
		E2AD262525D6FAC60026738A /* SearchViewController.swift */ = {isa = PBXFileReference; fileEncoding = 4; lastKnownFileType = sourcecode.swift; path = SearchViewController.swift; sourceTree = "<group>"; };
		E2AD262625D6FAC60026738A /* TabBarController.swift */ = {isa = PBXFileReference; fileEncoding = 4; lastKnownFileType = sourcecode.swift; path = TabBarController.swift; sourceTree = "<group>"; };
		E2AD262725D6FAC60026738A /* PlaylistViewController.swift */ = {isa = PBXFileReference; fileEncoding = 4; lastKnownFileType = sourcecode.swift; path = PlaylistViewController.swift; sourceTree = "<group>"; };
/* End PBXFileReference section */

/* Begin PBXFrameworksBuildPhase section */
		E22E694C25D4B97900CF53B6 /* Frameworks */ = {
			isa = PBXFrameworksBuildPhase;
			buildActionMask = 2147483647;
			files = (
			);
			runOnlyForDeploymentPostprocessing = 0;
		};
/* End PBXFrameworksBuildPhase section */

/* Begin PBXGroup section */
		E22E694625D4B97900CF53B6 = {
			isa = PBXGroup;
			children = (
				E22E695125D4B97900CF53B6 /* Watch Later */,
				E22E695025D4B97900CF53B6 /* Products */,
			);
			sourceTree = "<group>";
		};
		E22E695025D4B97900CF53B6 /* Products */ = {
			isa = PBXGroup;
			children = (
				E22E694F25D4B97900CF53B6 /* Watch Later.app */,
			);
			name = Products;
			sourceTree = "<group>";
		};
		E22E695125D4B97900CF53B6 /* Watch Later */ = {
			isa = PBXGroup;
			children = (
				E22E695225D4B97900CF53B6 /* AppDelegate.swift */,
				E22E695425D4B97900CF53B6 /* SceneDelegate.swift */,
				E22E696825D5892C00CF53B6 /* Models */,
				E22E697D25D5EB4000CF53B6 /* View Controllers */,
				E2AD260F25D6F0790026738A /* Services */,
				E22E695B25D4B97A00CF53B6 /* Assets.xcassets */,
				E22E695D25D4B97A00CF53B6 /* LaunchScreen.storyboard */,
				E22E696025D4B97A00CF53B6 /* Info.plist */,
			);
			path = "Watch Later";
			sourceTree = "<group>";
		};
		E22E696825D5892C00CF53B6 /* Models */ = {
			isa = PBXGroup;
			children = (
				E22E696D25D58C0D00CF53B6 /* SearchResult.swift */,
				E22E696925D589B200CF53B6 /* SearchResultItem.swift */,
			);
			path = Models;
			sourceTree = "<group>";
		};
		E22E697D25D5EB4000CF53B6 /* View Controllers */ = {
			isa = PBXGroup;
			children = (
				E2AD262725D6FAC60026738A /* PlaylistViewController.swift */,
				E2AD262525D6FAC60026738A /* SearchViewController.swift */,
				E2AD262625D6FAC60026738A /* TabBarController.swift */,
			);
			path = "View Controllers";
			sourceTree = "<group>";
		};
		E2AD260F25D6F0790026738A /* Services */ = {
			isa = PBXGroup;
			children = (
				E2AD261025D6F0790026738A /* PlaylistService.swift */,
				E2AD261125D6F0790026738A /* SearchService.swift */,
			);
			name = Services;
			path = "Watch Later/Services";
			sourceTree = SOURCE_ROOT;
		};
/* End PBXGroup section */

/* Begin PBXNativeTarget section */
		E22E694E25D4B97900CF53B6 /* Watch Later */ = {
			isa = PBXNativeTarget;
			buildConfigurationList = E22E696325D4B97A00CF53B6 /* Build configuration list for PBXNativeTarget "Watch Later" */;
			buildPhases = (
				E22E694B25D4B97900CF53B6 /* Sources */,
				E22E694C25D4B97900CF53B6 /* Frameworks */,
				E22E694D25D4B97900CF53B6 /* Resources */,
			);
			buildRules = (
			);
			dependencies = (
			);
			name = "Watch Later";
			productName = "Watch Later";
			productReference = E22E694F25D4B97900CF53B6 /* Watch Later.app */;
			productType = "com.apple.product-type.application";
		};
/* End PBXNativeTarget section */

/* Begin PBXProject section */
		E22E694725D4B97900CF53B6 /* Project object */ = {
			isa = PBXProject;
			attributes = {
				LastSwiftUpdateCheck = 1220;
				LastUpgradeCheck = 1220;
				TargetAttributes = {
					E22E694E25D4B97900CF53B6 = {
						CreatedOnToolsVersion = 12.2;
					};
				};
			};
			buildConfigurationList = E22E694A25D4B97900CF53B6 /* Build configuration list for PBXProject "Watch Later" */;
			compatibilityVersion = "Xcode 9.3";
			developmentRegion = en;
			hasScannedForEncodings = 0;
			knownRegions = (
				en,
				Base,
			);
			mainGroup = E22E694625D4B97900CF53B6;
			productRefGroup = E22E695025D4B97900CF53B6 /* Products */;
			projectDirPath = "";
			projectRoot = "";
			targets = (
				E22E694E25D4B97900CF53B6 /* Watch Later */,
			);
		};
/* End PBXProject section */

/* Begin PBXResourcesBuildPhase section */
		E22E694D25D4B97900CF53B6 /* Resources */ = {
			isa = PBXResourcesBuildPhase;
			buildActionMask = 2147483647;
			files = (
				E22E695F25D4B97A00CF53B6 /* LaunchScreen.storyboard in Resources */,
				E22E695C25D4B97A00CF53B6 /* Assets.xcassets in Resources */,
			);
			runOnlyForDeploymentPostprocessing = 0;
		};
/* End PBXResourcesBuildPhase section */

/* Begin PBXSourcesBuildPhase section */
		E22E694B25D4B97900CF53B6 /* Sources */ = {
			isa = PBXSourcesBuildPhase;
			buildActionMask = 2147483647;
			files = (
				E22E696E25D58C0D00CF53B6 /* SearchResult.swift in Sources */,
				E2AD262925D6FAC60026738A /* TabBarController.swift in Sources */,
				E2AD262825D6FAC60026738A /* SearchViewController.swift in Sources */,
				E2AD261325D6F0790026738A /* SearchService.swift in Sources */,
				E2AD261225D6F0790026738A /* PlaylistService.swift in Sources */,
				E2AD262A25D6FAC60026738A /* PlaylistViewController.swift in Sources */,
				E22E696A25D589B200CF53B6 /* SearchResultItem.swift in Sources */,
				E22E695325D4B97900CF53B6 /* AppDelegate.swift in Sources */,
				E22E695525D4B97900CF53B6 /* SceneDelegate.swift in Sources */,
			);
			runOnlyForDeploymentPostprocessing = 0;
		};
/* End PBXSourcesBuildPhase section */

/* Begin PBXVariantGroup section */
		E22E695D25D4B97A00CF53B6 /* LaunchScreen.storyboard */ = {
			isa = PBXVariantGroup;
			children = (
				E22E695E25D4B97A00CF53B6 /* Base */,
			);
			name = LaunchScreen.storyboard;
			sourceTree = "<group>";
		};
/* End PBXVariantGroup section */

/* Begin XCBuildConfiguration section */
		E22E696125D4B97A00CF53B6 /* Debug */ = {
			isa = XCBuildConfiguration;
			buildSettings = {
				ALWAYS_SEARCH_USER_PATHS = NO;
				CLANG_ANALYZER_NONNULL = YES;
				CLANG_ANALYZER_NUMBER_OBJECT_CONVERSION = YES_AGGRESSIVE;
				CLANG_CXX_LANGUAGE_STANDARD = "gnu++14";
				CLANG_CXX_LIBRARY = "libc++";
				CLANG_ENABLE_MODULES = YES;
				CLANG_ENABLE_OBJC_ARC = YES;
				CLANG_ENABLE_OBJC_WEAK = YES;
				CLANG_WARN_BLOCK_CAPTURE_AUTORELEASING = YES;
				CLANG_WARN_BOOL_CONVERSION = YES;
				CLANG_WARN_COMMA = YES;
				CLANG_WARN_CONSTANT_CONVERSION = YES;
				CLANG_WARN_DEPRECATED_OBJC_IMPLEMENTATIONS = YES;
				CLANG_WARN_DIRECT_OBJC_ISA_USAGE = YES_ERROR;
				CLANG_WARN_DOCUMENTATION_COMMENTS = YES;
				CLANG_WARN_EMPTY_BODY = YES;
				CLANG_WARN_ENUM_CONVERSION = YES;
				CLANG_WARN_INFINITE_RECURSION = YES;
				CLANG_WARN_INT_CONVERSION = YES;
				CLANG_WARN_NON_LITERAL_NULL_CONVERSION = YES;
				CLANG_WARN_OBJC_IMPLICIT_RETAIN_SELF = YES;
				CLANG_WARN_OBJC_LITERAL_CONVERSION = YES;
				CLANG_WARN_OBJC_ROOT_CLASS = YES_ERROR;
				CLANG_WARN_QUOTED_INCLUDE_IN_FRAMEWORK_HEADER = YES;
				CLANG_WARN_RANGE_LOOP_ANALYSIS = YES;
				CLANG_WARN_STRICT_PROTOTYPES = YES;
				CLANG_WARN_SUSPICIOUS_MOVE = YES;
				CLANG_WARN_UNGUARDED_AVAILABILITY = YES_AGGRESSIVE;
				CLANG_WARN_UNREACHABLE_CODE = YES;
				CLANG_WARN__DUPLICATE_METHOD_MATCH = YES;
				COPY_PHASE_STRIP = NO;
				DEBUG_INFORMATION_FORMAT = dwarf;
				ENABLE_STRICT_OBJC_MSGSEND = YES;
				ENABLE_TESTABILITY = YES;
				GCC_C_LANGUAGE_STANDARD = gnu11;
				GCC_DYNAMIC_NO_PIC = NO;
				GCC_NO_COMMON_BLOCKS = YES;
				GCC_OPTIMIZATION_LEVEL = 0;
				GCC_PREPROCESSOR_DEFINITIONS = (
					"DEBUG=1",
					"$(inherited)",
				);
				GCC_WARN_64_TO_32_BIT_CONVERSION = YES;
				GCC_WARN_ABOUT_RETURN_TYPE = YES_ERROR;
				GCC_WARN_UNDECLARED_SELECTOR = YES;
				GCC_WARN_UNINITIALIZED_AUTOS = YES_AGGRESSIVE;
				GCC_WARN_UNUSED_FUNCTION = YES;
				GCC_WARN_UNUSED_VARIABLE = YES;
				IPHONEOS_DEPLOYMENT_TARGET = 14.2;
				MTL_ENABLE_DEBUG_INFO = INCLUDE_SOURCE;
				MTL_FAST_MATH = YES;
				ONLY_ACTIVE_ARCH = YES;
				SDKROOT = iphoneos;
				SWIFT_ACTIVE_COMPILATION_CONDITIONS = DEBUG;
				SWIFT_OPTIMIZATION_LEVEL = "-Onone";
			};
			name = Debug;
		};
		E22E696225D4B97A00CF53B6 /* Release */ = {
			isa = XCBuildConfiguration;
			buildSettings = {
				ALWAYS_SEARCH_USER_PATHS = NO;
				CLANG_ANALYZER_NONNULL = YES;
				CLANG_ANALYZER_NUMBER_OBJECT_CONVERSION = YES_AGGRESSIVE;
				CLANG_CXX_LANGUAGE_STANDARD = "gnu++14";
				CLANG_CXX_LIBRARY = "libc++";
				CLANG_ENABLE_MODULES = YES;
				CLANG_ENABLE_OBJC_ARC = YES;
				CLANG_ENABLE_OBJC_WEAK = YES;
				CLANG_WARN_BLOCK_CAPTURE_AUTORELEASING = YES;
				CLANG_WARN_BOOL_CONVERSION = YES;
				CLANG_WARN_COMMA = YES;
				CLANG_WARN_CONSTANT_CONVERSION = YES;
				CLANG_WARN_DEPRECATED_OBJC_IMPLEMENTATIONS = YES;
				CLANG_WARN_DIRECT_OBJC_ISA_USAGE = YES_ERROR;
				CLANG_WARN_DOCUMENTATION_COMMENTS = YES;
				CLANG_WARN_EMPTY_BODY = YES;
				CLANG_WARN_ENUM_CONVERSION = YES;
				CLANG_WARN_INFINITE_RECURSION = YES;
				CLANG_WARN_INT_CONVERSION = YES;
				CLANG_WARN_NON_LITERAL_NULL_CONVERSION = YES;
				CLANG_WARN_OBJC_IMPLICIT_RETAIN_SELF = YES;
				CLANG_WARN_OBJC_LITERAL_CONVERSION = YES;
				CLANG_WARN_OBJC_ROOT_CLASS = YES_ERROR;
				CLANG_WARN_QUOTED_INCLUDE_IN_FRAMEWORK_HEADER = YES;
				CLANG_WARN_RANGE_LOOP_ANALYSIS = YES;
				CLANG_WARN_STRICT_PROTOTYPES = YES;
				CLANG_WARN_SUSPICIOUS_MOVE = YES;
				CLANG_WARN_UNGUARDED_AVAILABILITY = YES_AGGRESSIVE;
				CLANG_WARN_UNREACHABLE_CODE = YES;
				CLANG_WARN__DUPLICATE_METHOD_MATCH = YES;
				COPY_PHASE_STRIP = NO;
				DEBUG_INFORMATION_FORMAT = "dwarf-with-dsym";
				ENABLE_NS_ASSERTIONS = NO;
				ENABLE_STRICT_OBJC_MSGSEND = YES;
				GCC_C_LANGUAGE_STANDARD = gnu11;
				GCC_NO_COMMON_BLOCKS = YES;
				GCC_WARN_64_TO_32_BIT_CONVERSION = YES;
				GCC_WARN_ABOUT_RETURN_TYPE = YES_ERROR;
				GCC_WARN_UNDECLARED_SELECTOR = YES;
				GCC_WARN_UNINITIALIZED_AUTOS = YES_AGGRESSIVE;
				GCC_WARN_UNUSED_FUNCTION = YES;
				GCC_WARN_UNUSED_VARIABLE = YES;
				IPHONEOS_DEPLOYMENT_TARGET = 14.2;
				MTL_ENABLE_DEBUG_INFO = NO;
				MTL_FAST_MATH = YES;
				SDKROOT = iphoneos;
				SWIFT_COMPILATION_MODE = wholemodule;
				SWIFT_OPTIMIZATION_LEVEL = "-O";
				VALIDATE_PRODUCT = YES;
			};
			name = Release;
		};
		E22E696425D4B97A00CF53B6 /* Debug */ = {
			isa = XCBuildConfiguration;
			buildSettings = {
				ASSETCATALOG_COMPILER_APPICON_NAME = AppIcon;
				ASSETCATALOG_COMPILER_GLOBAL_ACCENT_COLOR_NAME = AccentColor;
				CODE_SIGN_STYLE = Automatic;
				DEVELOPMENT_TEAM = V2B5RKGNQ8;
				INFOPLIST_FILE = "Watch Later/Info.plist";
				LD_RUNPATH_SEARCH_PATHS = (
					"$(inherited)",
					"@executable_path/Frameworks",
				);
				PRODUCT_BUNDLE_IDENTIFIER = "christopherkriens.Watch-Later";
				PRODUCT_NAME = "$(TARGET_NAME)";
				SWIFT_VERSION = 5.0;
				TARGETED_DEVICE_FAMILY = "1,2";
			};
			name = Debug;
		};
		E22E696525D4B97A00CF53B6 /* Release */ = {
			isa = XCBuildConfiguration;
			buildSettings = {
				ASSETCATALOG_COMPILER_APPICON_NAME = AppIcon;
				ASSETCATALOG_COMPILER_GLOBAL_ACCENT_COLOR_NAME = AccentColor;
				CODE_SIGN_STYLE = Automatic;
				DEVELOPMENT_TEAM = V2B5RKGNQ8;
				INFOPLIST_FILE = "Watch Later/Info.plist";
				LD_RUNPATH_SEARCH_PATHS = (
					"$(inherited)",
					"@executable_path/Frameworks",
				);
				PRODUCT_BUNDLE_IDENTIFIER = "christopherkriens.Watch-Later";
				PRODUCT_NAME = "$(TARGET_NAME)";
				SWIFT_VERSION = 5.0;
				TARGETED_DEVICE_FAMILY = "1,2";
			};
			name = Release;
		};
/* End XCBuildConfiguration section */

/* Begin XCConfigurationList section */
		E22E694A25D4B97900CF53B6 /* Build configuration list for PBXProject "Watch Later" */ = {
			isa = XCConfigurationList;
			buildConfigurations = (
				E22E696125D4B97A00CF53B6 /* Debug */,
				E22E696225D4B97A00CF53B6 /* Release */,
			);
			defaultConfigurationIsVisible = 0;
			defaultConfigurationName = Release;
		};
		E22E696325D4B97A00CF53B6 /* Build configuration list for PBXNativeTarget "Watch Later" */ = {
			isa = XCConfigurationList;
			buildConfigurations = (
				E22E696425D4B97A00CF53B6 /* Debug */,
				E22E696525D4B97A00CF53B6 /* Release */,
			);
			defaultConfigurationIsVisible = 0;
			defaultConfigurationName = Release;
		};
/* End XCConfigurationList section */
	};
	rootObject = E22E694725D4B97900CF53B6 /* Project object */;
}
